
Microsoft Visual Studio Solution File, Format Version 12.00
# Visual Studio Version 17
VisualStudioVersion = 17.1.32228.430
MinimumVisualStudioVersion = 10.0.40219.1
Project("{9A19103F-16F7-4668-BE54-9A1E7A4F7556}") = "ReadingList.API", "ReadingList.API\ReadingList.API.csproj", "{61F9F8C1-3174-4261-AA32-014801384B0D}"
EndProject
Project("{54A90642-561A-4BB1-A94E-469ADEE60C69}") = "react-app", "react-app\react-app.esproj", "{0885C7B6-525D-436E-9639-575DCD9DAA2B}"
EndProject
Project("{FAE04EC0-301F-11D3-BF4B-00C04F79EFBC}") = "ReadingList.Repository", "ReadingList.Repository\ReadingList.Repository.csproj", "{1461DA8F-B664-4310-BD94-82D091D714B2}"
EndProject
Project("{FAE04EC0-301F-11D3-BF4B-00C04F79EFBC}") = "ReadingList.Service", "ReadingList.Service\ReadingList.Service.csproj", "{B70B4AF5-9302-4238-B330-73F1FD7CAEFF}"
EndProject
Global
	GlobalSection(SolutionConfigurationPlatforms) = preSolution
		Debug|Any CPU = Debug|Any CPU
		Release|Any CPU = Release|Any CPU
	EndGlobalSection
	GlobalSection(ProjectConfigurationPlatforms) = postSolution
		{61F9F8C1-3174-4261-AA32-014801384B0D}.Debug|Any CPU.ActiveCfg = Debug|Any CPU
		{61F9F8C1-3174-4261-AA32-014801384B0D}.Debug|Any CPU.Build.0 = Debug|Any CPU
		{61F9F8C1-3174-4261-AA32-014801384B0D}.Release|Any CPU.ActiveCfg = Release|Any CPU
		{61F9F8C1-3174-4261-AA32-014801384B0D}.Release|Any CPU.Build.0 = Release|Any CPU
		{0885C7B6-525D-436E-9639-575DCD9DAA2B}.Debug|Any CPU.ActiveCfg = Debug|Any CPU
		{0885C7B6-525D-436E-9639-575DCD9DAA2B}.Debug|Any CPU.Build.0 = Debug|Any CPU
		{0885C7B6-525D-436E-9639-575DCD9DAA2B}.Debug|Any CPU.Deploy.0 = Debug|Any CPU
		{0885C7B6-525D-436E-9639-575DCD9DAA2B}.Release|Any CPU.ActiveCfg = Release|Any CPU
		{0885C7B6-525D-436E-9639-575DCD9DAA2B}.Release|Any CPU.Build.0 = Release|Any CPU
		{0885C7B6-525D-436E-9639-575DCD9DAA2B}.Release|Any CPU.Deploy.0 = Release|Any CPU
		{1461DA8F-B664-4310-BD94-82D091D714B2}.Debug|Any CPU.ActiveCfg = Debug|Any CPU
		{1461DA8F-B664-4310-BD94-82D091D714B2}.Debug|Any CPU.Build.0 = Debug|Any CPU
		{1461DA8F-B664-4310-BD94-82D091D714B2}.Release|Any CPU.ActiveCfg = Release|Any CPU
		{1461DA8F-B664-4310-BD94-82D091D714B2}.Release|Any CPU.Build.0 = Release|Any CPU
		{B70B4AF5-9302-4238-B330-73F1FD7CAEFF}.Debug|Any CPU.ActiveCfg = Debug|Any CPU
		{B70B4AF5-9302-4238-B330-73F1FD7CAEFF}.Debug|Any CPU.Build.0 = Debug|Any CPU
		{B70B4AF5-9302-4238-B330-73F1FD7CAEFF}.Release|Any CPU.ActiveCfg = Release|Any CPU
		{B70B4AF5-9302-4238-B330-73F1FD7CAEFF}.Release|Any CPU.Build.0 = Release|Any CPU
	EndGlobalSection
	GlobalSection(SolutionProperties) = preSolution
		HideSolutionNode = FALSE
	EndGlobalSection
	GlobalSection(ExtensibilityGlobals) = postSolution
		SolutionGuid = {0E0C6FB5-1A7B-4BBE-892B-A26DB82CFD7D}
	EndGlobalSection
EndGlobal
